
Microsoft Visual Studio Solution File, Format Version 12.00
Project("{FAE04EC0-301F-11D3-BF4B-00C04F79EFBC}") = "TestCity.UnitTests", "TestCity.UnitTests\TestCity.UnitTests.csproj", "{7D0AC4CF-0463-4A71-99CE-C9DF3A4ECB9A}"
EndProject
Project("{FAE04EC0-301F-11D3-BF4B-00C04F79EFBC}") = "TestCity.Core", "TestCity.Core\TestCity.Core.csproj", "{856A0607-7D85-4E27-AA6B-1CD0D71BB7DE}"
EndProject
Project("{FAE04EC0-301F-11D3-BF4B-00C04F79EFBC}") = "ActualizeDb.Cli", "ActualizeDb.Cli\ActualizeDb.Cli.csproj", "{B48E8565-3930-48D3-9819-6447D542FD06}"
EndProject
Project("{FAE04EC0-301F-11D3-BF4B-00C04F79EFBC}") = "TestCity.Api", "TestCity.Api\TestCity.Api.csproj", "{3CF5A2BE-CA08-4537-B2EB-ACD9DA190827}"
EndProject
Project("{FAE04EC0-301F-11D3-BF4B-00C04F79EFBC}") = "TestCity.GitLabJobsCrawler", "TestCity.GitLabJobsCrawler\TestCity.GitLabJobsCrawler.csproj", "{823E7BCE-A766-4822-A431-C5C928B2DDE0}"
EndProject
Project("{FAE04EC0-301F-11D3-BF4B-00C04F79EFBC}") = "TestCity.Worker", "TestCity.Worker\TestCity.Worker.csproj", "{825E843C-2879-4728-B6E9-CBDF80BBBA85}"
EndProject
Project("{FAE04EC0-301F-11D3-BF4B-00C04F79EFBC}") = "TestCity.Tool", "TestCity.Tool\TestCity.Tool.csproj", "{8263D6FB-D5EF-4626-B5CD-37AB343FC6C5}"
EndProject
Project("{FAE04EC0-301F-11D3-BF4B-00C04F79EFBC}") = "TestCity.SystemTests", "TestCity.SystemTests\TestCity.SystemTests.csproj", "{7F8E1863-F8EB-4D67-B503-882321FB708F}"
EndProject
Global
	GlobalSection(SolutionConfigurationPlatforms) = preSolution
		Debug|Any CPU = Debug|Any CPU
		Debug|x64 = Debug|x64
		Debug|x86 = Debug|x86
		Release|Any CPU = Release|Any CPU
		Release|x64 = Release|x64
		Release|x86 = Release|x86
	EndGlobalSection
	GlobalSection(ProjectConfigurationPlatforms) = postSolution
		{7D0AC4CF-0463-4A71-99CE-C9DF3A4ECB9A}.Debug|Any CPU.ActiveCfg = Debug|Any CPU
		{7D0AC4CF-0463-4A71-99CE-C9DF3A4ECB9A}.Debug|Any CPU.Build.0 = Debug|Any CPU
		{7D0AC4CF-0463-4A71-99CE-C9DF3A4ECB9A}.Debug|x64.ActiveCfg = Debug|Any CPU
		{7D0AC4CF-0463-4A71-99CE-C9DF3A4ECB9A}.Debug|x64.Build.0 = Debug|Any CPU
		{7D0AC4CF-0463-4A71-99CE-C9DF3A4ECB9A}.Debug|x86.ActiveCfg = Debug|Any CPU
		{7D0AC4CF-0463-4A71-99CE-C9DF3A4ECB9A}.Debug|x86.Build.0 = Debug|Any CPU
		{7D0AC4CF-0463-4A71-99CE-C9DF3A4ECB9A}.Release|Any CPU.ActiveCfg = Release|Any CPU
		{7D0AC4CF-0463-4A71-99CE-C9DF3A4ECB9A}.Release|Any CPU.Build.0 = Release|Any CPU
		{7D0AC4CF-0463-4A71-99CE-C9DF3A4ECB9A}.Release|x64.ActiveCfg = Release|Any CPU
		{7D0AC4CF-0463-4A71-99CE-C9DF3A4ECB9A}.Release|x64.Build.0 = Release|Any CPU
		{7D0AC4CF-0463-4A71-99CE-C9DF3A4ECB9A}.Release|x86.ActiveCfg = Release|Any CPU
		{7D0AC4CF-0463-4A71-99CE-C9DF3A4ECB9A}.Release|x86.Build.0 = Release|Any CPU
		{856A0607-7D85-4E27-AA6B-1CD0D71BB7DE}.Debug|Any CPU.ActiveCfg = Debug|Any CPU
		{856A0607-7D85-4E27-AA6B-1CD0D71BB7DE}.Debug|Any CPU.Build.0 = Debug|Any CPU
		{856A0607-7D85-4E27-AA6B-1CD0D71BB7DE}.Debug|x64.ActiveCfg = Debug|Any CPU
		{856A0607-7D85-4E27-AA6B-1CD0D71BB7DE}.Debug|x64.Build.0 = Debug|Any CPU
		{856A0607-7D85-4E27-AA6B-1CD0D71BB7DE}.Debug|x86.ActiveCfg = Debug|Any CPU
		{856A0607-7D85-4E27-AA6B-1CD0D71BB7DE}.Debug|x86.Build.0 = Debug|Any CPU
		{856A0607-7D85-4E27-AA6B-1CD0D71BB7DE}.Release|Any CPU.ActiveCfg = Release|Any CPU
		{856A0607-7D85-4E27-AA6B-1CD0D71BB7DE}.Release|Any CPU.Build.0 = Release|Any CPU
		{856A0607-7D85-4E27-AA6B-1CD0D71BB7DE}.Release|x64.ActiveCfg = Release|Any CPU
		{856A0607-7D85-4E27-AA6B-1CD0D71BB7DE}.Release|x64.Build.0 = Release|Any CPU
		{856A0607-7D85-4E27-AA6B-1CD0D71BB7DE}.Release|x86.ActiveCfg = Release|Any CPU
		{856A0607-7D85-4E27-AA6B-1CD0D71BB7DE}.Release|x86.Build.0 = Release|Any CPU
		{B48E8565-3930-48D3-9819-6447D542FD06}.Debug|Any CPU.ActiveCfg = Debug|Any CPU
		{B48E8565-3930-48D3-9819-6447D542FD06}.Debug|Any CPU.Build.0 = Debug|Any CPU
		{B48E8565-3930-48D3-9819-6447D542FD06}.Debug|x64.ActiveCfg = Debug|Any CPU
		{B48E8565-3930-48D3-9819-6447D542FD06}.Debug|x64.Build.0 = Debug|Any CPU
		{B48E8565-3930-48D3-9819-6447D542FD06}.Debug|x86.ActiveCfg = Debug|Any CPU
		{B48E8565-3930-48D3-9819-6447D542FD06}.Debug|x86.Build.0 = Debug|Any CPU
		{B48E8565-3930-48D3-9819-6447D542FD06}.Release|Any CPU.ActiveCfg = Release|Any CPU
		{B48E8565-3930-48D3-9819-6447D542FD06}.Release|Any CPU.Build.0 = Release|Any CPU
		{B48E8565-3930-48D3-9819-6447D542FD06}.Release|x64.ActiveCfg = Release|Any CPU
		{B48E8565-3930-48D3-9819-6447D542FD06}.Release|x64.Build.0 = Release|Any CPU
		{B48E8565-3930-48D3-9819-6447D542FD06}.Release|x86.ActiveCfg = Release|Any CPU
		{B48E8565-3930-48D3-9819-6447D542FD06}.Release|x86.Build.0 = Release|Any CPU
		{3CF5A2BE-CA08-4537-B2EB-ACD9DA190827}.Debug|Any CPU.ActiveCfg = Debug|Any CPU
		{3CF5A2BE-CA08-4537-B2EB-ACD9DA190827}.Debug|Any CPU.Build.0 = Debug|Any CPU
		{3CF5A2BE-CA08-4537-B2EB-ACD9DA190827}.Debug|x64.ActiveCfg = Debug|Any CPU
		{3CF5A2BE-CA08-4537-B2EB-ACD9DA190827}.Debug|x64.Build.0 = Debug|Any CPU
		{3CF5A2BE-CA08-4537-B2EB-ACD9DA190827}.Debug|x86.ActiveCfg = Debug|Any CPU
		{3CF5A2BE-CA08-4537-B2EB-ACD9DA190827}.Debug|x86.Build.0 = Debug|Any CPU
		{3CF5A2BE-CA08-4537-B2EB-ACD9DA190827}.Release|Any CPU.ActiveCfg = Release|Any CPU
		{3CF5A2BE-CA08-4537-B2EB-ACD9DA190827}.Release|Any CPU.Build.0 = Release|Any CPU
		{3CF5A2BE-CA08-4537-B2EB-ACD9DA190827}.Release|x64.ActiveCfg = Release|Any CPU
		{3CF5A2BE-CA08-4537-B2EB-ACD9DA190827}.Release|x64.Build.0 = Release|Any CPU
		{3CF5A2BE-CA08-4537-B2EB-ACD9DA190827}.Release|x86.ActiveCfg = Release|Any CPU
		{3CF5A2BE-CA08-4537-B2EB-ACD9DA190827}.Release|x86.Build.0 = Release|Any CPU
		{823E7BCE-A766-4822-A431-C5C928B2DDE0}.Debug|Any CPU.ActiveCfg = Debug|Any CPU
		{823E7BCE-A766-4822-A431-C5C928B2DDE0}.Debug|Any CPU.Build.0 = Debug|Any CPU
		{823E7BCE-A766-4822-A431-C5C928B2DDE0}.Debug|x64.ActiveCfg = Debug|Any CPU
		{823E7BCE-A766-4822-A431-C5C928B2DDE0}.Debug|x64.Build.0 = Debug|Any CPU
		{823E7BCE-A766-4822-A431-C5C928B2DDE0}.Debug|x86.ActiveCfg = Debug|Any CPU
		{823E7BCE-A766-4822-A431-C5C928B2DDE0}.Debug|x86.Build.0 = Debug|Any CPU
		{823E7BCE-A766-4822-A431-C5C928B2DDE0}.Release|Any CPU.ActiveCfg = Release|Any CPU
		{823E7BCE-A766-4822-A431-C5C928B2DDE0}.Release|Any CPU.Build.0 = Release|Any CPU
		{823E7BCE-A766-4822-A431-C5C928B2DDE0}.Release|x64.ActiveCfg = Release|Any CPU
		{823E7BCE-A766-4822-A431-C5C928B2DDE0}.Release|x64.Build.0 = Release|Any CPU
		{823E7BCE-A766-4822-A431-C5C928B2DDE0}.Release|x86.ActiveCfg = Release|Any CPU
		{823E7BCE-A766-4822-A431-C5C928B2DDE0}.Release|x86.Build.0 = Release|Any CPU
		{825E843C-2879-4728-B6E9-CBDF80BBBA85}.Debug|Any CPU.ActiveCfg = Debug|Any CPU
		{825E843C-2879-4728-B6E9-CBDF80BBBA85}.Debug|Any CPU.Build.0 = Debug|Any CPU
		{825E843C-2879-4728-B6E9-CBDF80BBBA85}.Debug|x64.ActiveCfg = Debug|Any CPU
		{825E843C-2879-4728-B6E9-CBDF80BBBA85}.Debug|x64.Build.0 = Debug|Any CPU
		{825E843C-2879-4728-B6E9-CBDF80BBBA85}.Debug|x86.ActiveCfg = Debug|Any CPU
		{825E843C-2879-4728-B6E9-CBDF80BBBA85}.Debug|x86.Build.0 = Debug|Any CPU
		{825E843C-2879-4728-B6E9-CBDF80BBBA85}.Release|Any CPU.ActiveCfg = Release|Any CPU
		{825E843C-2879-4728-B6E9-CBDF80BBBA85}.Release|Any CPU.Build.0 = Release|Any CPU
		{825E843C-2879-4728-B6E9-CBDF80BBBA85}.Release|x64.ActiveCfg = Release|Any CPU
		{825E843C-2879-4728-B6E9-CBDF80BBBA85}.Release|x64.Build.0 = Release|Any CPU
		{825E843C-2879-4728-B6E9-CBDF80BBBA85}.Release|x86.ActiveCfg = Release|Any CPU
		{825E843C-2879-4728-B6E9-CBDF80BBBA85}.Release|x86.Build.0 = Release|Any CPU
		{8263D6FB-D5EF-4626-B5CD-37AB343FC6C5}.Debug|Any CPU.ActiveCfg = Debug|Any CPU
		{8263D6FB-D5EF-4626-B5CD-37AB343FC6C5}.Debug|Any CPU.Build.0 = Debug|Any CPU
		{8263D6FB-D5EF-4626-B5CD-37AB343FC6C5}.Debug|x64.ActiveCfg = Debug|Any CPU
		{8263D6FB-D5EF-4626-B5CD-37AB343FC6C5}.Debug|x64.Build.0 = Debug|Any CPU
		{8263D6FB-D5EF-4626-B5CD-37AB343FC6C5}.Debug|x86.ActiveCfg = Debug|Any CPU
		{8263D6FB-D5EF-4626-B5CD-37AB343FC6C5}.Debug|x86.Build.0 = Debug|Any CPU
		{8263D6FB-D5EF-4626-B5CD-37AB343FC6C5}.Release|Any CPU.ActiveCfg = Release|Any CPU
		{8263D6FB-D5EF-4626-B5CD-37AB343FC6C5}.Release|Any CPU.Build.0 = Release|Any CPU
		{8263D6FB-D5EF-4626-B5CD-37AB343FC6C5}.Release|x64.ActiveCfg = Release|Any CPU
		{8263D6FB-D5EF-4626-B5CD-37AB343FC6C5}.Release|x64.Build.0 = Release|Any CPU
		{8263D6FB-D5EF-4626-B5CD-37AB343FC6C5}.Release|x86.ActiveCfg = Release|Any CPU
		{8263D6FB-D5EF-4626-B5CD-37AB343FC6C5}.Release|x86.Build.0 = Release|Any CPU
		{7F8E1863-F8EB-4D67-B503-882321FB708F}.Debug|Any CPU.ActiveCfg = Debug|Any CPU
		{7F8E1863-F8EB-4D67-B503-882321FB708F}.Debug|Any CPU.Build.0 = Debug|Any CPU
		{7F8E1863-F8EB-4D67-B503-882321FB708F}.Debug|x64.ActiveCfg = Debug|Any CPU
		{7F8E1863-F8EB-4D67-B503-882321FB708F}.Debug|x64.Build.0 = Debug|Any CPU
		{7F8E1863-F8EB-4D67-B503-882321FB708F}.Debug|x86.ActiveCfg = Debug|Any CPU
		{7F8E1863-F8EB-4D67-B503-882321FB708F}.Debug|x86.Build.0 = Debug|Any CPU
		{7F8E1863-F8EB-4D67-B503-882321FB708F}.Release|Any CPU.ActiveCfg = Release|Any CPU
		{7F8E1863-F8EB-4D67-B503-882321FB708F}.Release|Any CPU.Build.0 = Release|Any CPU
		{7F8E1863-F8EB-4D67-B503-882321FB708F}.Release|x64.ActiveCfg = Release|Any CPU
		{7F8E1863-F8EB-4D67-B503-882321FB708F}.Release|x64.Build.0 = Release|Any CPU
		{7F8E1863-F8EB-4D67-B503-882321FB708F}.Release|x86.ActiveCfg = Release|Any CPU
		{7F8E1863-F8EB-4D67-B503-882321FB708F}.Release|x86.Build.0 = Release|Any CPU
	EndGlobalSection
	GlobalSection(SolutionProperties) = preSolution
		HideSolutionNode = FALSE
	EndGlobalSection
EndGlobal
