
Microsoft Visual Studio Solution File, Format Version 12.00
# 
Project("{FAE04EC0-301F-11D3-BF4B-00C04F79EFBC}") = "Reporter.Tests", "Reporter.Tests\Reporter.Tests.csproj", "{7D0AC4CF-0463-4A71-99CE-C9DF3A4ECB9A}"
EndProject
Project("{FAE04EC0-301F-11D3-BF4B-00C04F79EFBC}") = "Reporter.Cli", "Reporter.Cli\Reporter.Cli.csproj", "{AD686802-3A75-4C8B-97A3-3B0C7C5ABF5E}"
EndProject
Project("{FAE04EC0-301F-11D3-BF4B-00C04F79EFBC}") = "Reporter.Client", "Reporter.Client\Reporter.Client.csproj", "{99EF2400-12EF-4B09-AE5D-E433D645B7A0}"
EndProject
Project("{FAE04EC0-301F-11D3-BF4B-00C04F79EFBC}") = "Api", "Api\Api.csproj", "{B552F532-50D9-4E72-834E-6DE2CD43C296}"
EndProject
Project("{FAE04EC0-301F-11D3-BF4B-00C04F79EFBC}") = "Front", "Front\Front.csproj", "{7CF1D53D-0FBD-41BE-BB48-1477F51C8B5E}"
EndProject
Project("{FAE04EC0-301F-11D3-BF4B-00C04F79EFBC}") = "GitLabJobsCrawler", "GitLabJobsCrawler\GitLabJobsCrawler.csproj", "{2C4098ED-AA58-4F30-879B-BD262034B463}"
EndProject
Project("{FAE04EC0-301F-11D3-BF4B-00C04F79EFBC}") = "Core", "Core\Core.csproj", "{856A0607-7D85-4E27-AA6B-1CD0D71BB7DE}"
EndProject
Project("{FAE04EC0-301F-11D3-BF4B-00C04F79EFBC}") = "ActualizeDb.Cli", "ActualizeDb.Cli\ActualizeDb.Cli.csproj", "{B48E8565-3930-48D3-9819-6447D542FD06}"
EndProject
Global
	GlobalSection(SolutionConfigurationPlatforms) = preSolution
		Debug|Any CPU = Debug|Any CPU
		Release|Any CPU = Release|Any CPU
	EndGlobalSection
	GlobalSection(ProjectConfigurationPlatforms) = postSolution
		{7D0AC4CF-0463-4A71-99CE-C9DF3A4ECB9A}.Debug|Any CPU.ActiveCfg = Debug|Any CPU
		{7D0AC4CF-0463-4A71-99CE-C9DF3A4ECB9A}.Debug|Any CPU.Build.0 = Debug|Any CPU
		{7D0AC4CF-0463-4A71-99CE-C9DF3A4ECB9A}.Release|Any CPU.ActiveCfg = Release|Any CPU
		{7D0AC4CF-0463-4A71-99CE-C9DF3A4ECB9A}.Release|Any CPU.Build.0 = Release|Any CPU
		{AD686802-3A75-4C8B-97A3-3B0C7C5ABF5E}.Debug|Any CPU.ActiveCfg = Debug|Any CPU
		{AD686802-3A75-4C8B-97A3-3B0C7C5ABF5E}.Debug|Any CPU.Build.0 = Debug|Any CPU
		{AD686802-3A75-4C8B-97A3-3B0C7C5ABF5E}.Release|Any CPU.ActiveCfg = Release|Any CPU
		{AD686802-3A75-4C8B-97A3-3B0C7C5ABF5E}.Release|Any CPU.Build.0 = Release|Any CPU
		{99EF2400-12EF-4B09-AE5D-E433D645B7A0}.Debug|Any CPU.ActiveCfg = Debug|Any CPU
		{99EF2400-12EF-4B09-AE5D-E433D645B7A0}.Debug|Any CPU.Build.0 = Debug|Any CPU
		{99EF2400-12EF-4B09-AE5D-E433D645B7A0}.Release|Any CPU.ActiveCfg = Release|Any CPU
		{99EF2400-12EF-4B09-AE5D-E433D645B7A0}.Release|Any CPU.Build.0 = Release|Any CPU
		{B552F532-50D9-4E72-834E-6DE2CD43C296}.Debug|Any CPU.ActiveCfg = Debug|Any CPU
		{B552F532-50D9-4E72-834E-6DE2CD43C296}.Debug|Any CPU.Build.0 = Debug|Any CPU
		{B552F532-50D9-4E72-834E-6DE2CD43C296}.Release|Any CPU.ActiveCfg = Release|Any CPU
		{B552F532-50D9-4E72-834E-6DE2CD43C296}.Release|Any CPU.Build.0 = Release|Any CPU
		{7CF1D53D-0FBD-41BE-BB48-1477F51C8B5E}.Debug|Any CPU.ActiveCfg = Debug|Any CPU
		{7CF1D53D-0FBD-41BE-BB48-1477F51C8B5E}.Debug|Any CPU.Build.0 = Debug|Any CPU
		{7CF1D53D-0FBD-41BE-BB48-1477F51C8B5E}.Release|Any CPU.ActiveCfg = Release|Any CPU
		{7CF1D53D-0FBD-41BE-BB48-1477F51C8B5E}.Release|Any CPU.Build.0 = Release|Any CPU
		{2C4098ED-AA58-4F30-879B-BD262034B463}.Debug|Any CPU.ActiveCfg = Debug|Any CPU
		{2C4098ED-AA58-4F30-879B-BD262034B463}.Debug|Any CPU.Build.0 = Debug|Any CPU
		{2C4098ED-AA58-4F30-879B-BD262034B463}.Release|Any CPU.ActiveCfg = Release|Any CPU
		{2C4098ED-AA58-4F30-879B-BD262034B463}.Release|Any CPU.Build.0 = Release|Any CPU
		{856A0607-7D85-4E27-AA6B-1CD0D71BB7DE}.Debug|Any CPU.ActiveCfg = Debug|Any CPU
		{856A0607-7D85-4E27-AA6B-1CD0D71BB7DE}.Debug|Any CPU.Build.0 = Debug|Any CPU
		{856A0607-7D85-4E27-AA6B-1CD0D71BB7DE}.Release|Any CPU.ActiveCfg = Release|Any CPU
		{856A0607-7D85-4E27-AA6B-1CD0D71BB7DE}.Release|Any CPU.Build.0 = Release|Any CPU
		{B48E8565-3930-48D3-9819-6447D542FD06}.Debug|Any CPU.ActiveCfg = Debug|Any CPU
		{B48E8565-3930-48D3-9819-6447D542FD06}.Debug|Any CPU.Build.0 = Debug|Any CPU
		{B48E8565-3930-48D3-9819-6447D542FD06}.Release|Any CPU.ActiveCfg = Release|Any CPU
		{B48E8565-3930-48D3-9819-6447D542FD06}.Release|Any CPU.Build.0 = Release|Any CPU
	EndGlobalSection
	GlobalSection(SolutionProperties) = preSolution
		HideSolutionNode = FALSE
	EndGlobalSection
EndGlobal
